// !$*UTF8*$!
{
	archiveVersion = 1;
	classes = {
	};
	objectVersion = 50;
	objects = {

/* Begin PBXBuildFile section */
		CA71CC1C246B2C8500EAEE07 /* Constants.swift in Sources */ = {isa = PBXBuildFile; fileRef = CA71CC1B246B2C8500EAEE07 /* Constants.swift */; };
		CABB4698246D29310001BBA9 /* peter-fogden-z7oytXGI6VI-unsplash.jpg in Resources */ = {isa = PBXBuildFile; fileRef = CABB4697246D29310001BBA9 /* peter-fogden-z7oytXGI6VI-unsplash.jpg */; };
		CAF3C9DE2468814100E0B5D3 /* AppDelegate.swift in Sources */ = {isa = PBXBuildFile; fileRef = CAF3C9DD2468814100E0B5D3 /* AppDelegate.swift */; };
		CAF3C9E02468814100E0B5D3 /* SceneDelegate.swift in Sources */ = {isa = PBXBuildFile; fileRef = CAF3C9DF2468814100E0B5D3 /* SceneDelegate.swift */; };
		CAF3C9E22468814100E0B5D3 /* SliderMotivationContentView.swift in Sources */ = {isa = PBXBuildFile; fileRef = CAF3C9E12468814100E0B5D3 /* SliderMotivationContentView.swift */; };
		CAF3C9E42468814200E0B5D3 /* Assets.xcassets in Resources */ = {isa = PBXBuildFile; fileRef = CAF3C9E32468814200E0B5D3 /* Assets.xcassets */; };
		CAF3C9E72468814200E0B5D3 /* Preview Assets.xcassets in Resources */ = {isa = PBXBuildFile; fileRef = CAF3C9E62468814200E0B5D3 /* Preview Assets.xcassets */; };
		CAF3C9EA2468814200E0B5D3 /* LaunchScreen.storyboard in Resources */ = {isa = PBXBuildFile; fileRef = CAF3C9E82468814200E0B5D3 /* LaunchScreen.storyboard */; };
		CAF3C9F2246884D400E0B5D3 /* Subview.swift in Sources */ = {isa = PBXBuildFile; fileRef = CAF3C9F1246884D400E0B5D3 /* Subview.swift */; };
		CAF3C9F42468850400E0B5D3 /* PageViewController.swift in Sources */ = {isa = PBXBuildFile; fileRef = CAF3C9F32468850400E0B5D3 /* PageViewController.swift */; };
		CAF3C9F6246898BC00E0B5D3 /* Motivation.swift in Sources */ = {isa = PBXBuildFile; fileRef = CAF3C9F5246898BC00E0B5D3 /* Motivation.swift */; };
		CAF3C9F824689CAE00E0B5D3 /* DataService.swift in Sources */ = {isa = PBXBuildFile; fileRef = CAF3C9F724689CAE00E0B5D3 /* DataService.swift */; };
		CAF3C9FA2468A5E000E0B5D3 /* CurrentMotivation.swift in Sources */ = {isa = PBXBuildFile; fileRef = CAF3C9F92468A5E000E0B5D3 /* CurrentMotivation.swift */; };
/* End PBXBuildFile section */

/* Begin PBXFileReference section */
		CA71CC1B246B2C8500EAEE07 /* Constants.swift */ = {isa = PBXFileReference; lastKnownFileType = sourcecode.swift; path = Constants.swift; sourceTree = "<group>"; };
		CABB4697246D29310001BBA9 /* peter-fogden-z7oytXGI6VI-unsplash.jpg */ = {isa = PBXFileReference; lastKnownFileType = image.jpeg; path = "peter-fogden-z7oytXGI6VI-unsplash.jpg"; sourceTree = "<group>"; };
		CAF3C9DA2468814100E0B5D3 /* Inspiration App.app */ = {isa = PBXFileReference; explicitFileType = wrapper.application; includeInIndex = 0; path = "Inspiration App.app"; sourceTree = BUILT_PRODUCTS_DIR; };
		CAF3C9DD2468814100E0B5D3 /* AppDelegate.swift */ = {isa = PBXFileReference; lastKnownFileType = sourcecode.swift; path = AppDelegate.swift; sourceTree = "<group>"; };
		CAF3C9DF2468814100E0B5D3 /* SceneDelegate.swift */ = {isa = PBXFileReference; lastKnownFileType = sourcecode.swift; path = SceneDelegate.swift; sourceTree = "<group>"; };
		CAF3C9E12468814100E0B5D3 /* SliderMotivationContentView.swift */ = {isa = PBXFileReference; lastKnownFileType = sourcecode.swift; path = SliderMotivationContentView.swift; sourceTree = "<group>"; };
		CAF3C9E32468814200E0B5D3 /* Assets.xcassets */ = {isa = PBXFileReference; lastKnownFileType = folder.assetcatalog; path = Assets.xcassets; sourceTree = "<group>"; };
		CAF3C9E62468814200E0B5D3 /* Preview Assets.xcassets */ = {isa = PBXFileReference; lastKnownFileType = folder.assetcatalog; path = "Preview Assets.xcassets"; sourceTree = "<group>"; };
		CAF3C9E92468814200E0B5D3 /* Base */ = {isa = PBXFileReference; lastKnownFileType = file.storyboard; name = Base; path = Base.lproj/LaunchScreen.storyboard; sourceTree = "<group>"; };
		CAF3C9EB2468814200E0B5D3 /* Info.plist */ = {isa = PBXFileReference; lastKnownFileType = text.plist.xml; path = Info.plist; sourceTree = "<group>"; };
		CAF3C9F1246884D400E0B5D3 /* Subview.swift */ = {isa = PBXFileReference; lastKnownFileType = sourcecode.swift; path = Subview.swift; sourceTree = "<group>"; };
		CAF3C9F32468850400E0B5D3 /* PageViewController.swift */ = {isa = PBXFileReference; lastKnownFileType = sourcecode.swift; path = PageViewController.swift; sourceTree = "<group>"; };
		CAF3C9F5246898BC00E0B5D3 /* Motivation.swift */ = {isa = PBXFileReference; lastKnownFileType = sourcecode.swift; path = Motivation.swift; sourceTree = "<group>"; };
		CAF3C9F724689CAE00E0B5D3 /* DataService.swift */ = {isa = PBXFileReference; lastKnownFileType = sourcecode.swift; path = DataService.swift; sourceTree = "<group>"; };
		CAF3C9F92468A5E000E0B5D3 /* CurrentMotivation.swift */ = {isa = PBXFileReference; lastKnownFileType = sourcecode.swift; path = CurrentMotivation.swift; sourceTree = "<group>"; };
/* End PBXFileReference section */

/* Begin PBXFrameworksBuildPhase section */
		CAF3C9D72468814100E0B5D3 /* Frameworks */ = {
			isa = PBXFrameworksBuildPhase;
			buildActionMask = 2147483647;
			files = (
			);
			runOnlyForDeploymentPostprocessing = 0;
		};
/* End PBXFrameworksBuildPhase section */

/* Begin PBXGroup section */
		CA71CC16246B2C2D00EAEE07 /* Helpers */ = {
			isa = PBXGroup;
			children = (
				CAF3C9DD2468814100E0B5D3 /* AppDelegate.swift */,
				CAF3C9DF2468814100E0B5D3 /* SceneDelegate.swift */,
				CAF3C9E32468814200E0B5D3 /* Assets.xcassets */,
				CAF3C9E82468814200E0B5D3 /* LaunchScreen.storyboard */,
				CAF3C9EB2468814200E0B5D3 /* Info.plist */,
			);
			name = Helpers;
			sourceTree = "<group>";
		};
		CA71CC1A246B2C6C00EAEE07 /* Utils */ = {
			isa = PBXGroup;
			children = (
				CA71CC1B246B2C8500EAEE07 /* Constants.swift */,
			);
			name = Utils;
			sourceTree = "<group>";
		};
		CA71CC1D246B2C9100EAEE07 /* Views */ = {
			isa = PBXGroup;
			children = (
				CAF3C9F1246884D400E0B5D3 /* Subview.swift */,
				CAF3C9E12468814100E0B5D3 /* SliderMotivationContentView.swift */,
			);
			name = Views;
			sourceTree = "<group>";
		};
		CA71CC1E246B2CA600EAEE07 /* Models */ = {
			isa = PBXGroup;
			children = (
				CAF3C9F5246898BC00E0B5D3 /* Motivation.swift */,
				CAF3C9F724689CAE00E0B5D3 /* DataService.swift */,
			);
			path = Models;
			sourceTree = "<group>";
		};
		CA71CC1F246B2CFF00EAEE07 /* Controllers */ = {
			isa = PBXGroup;
			children = (
				CAF3C9F32468850400E0B5D3 /* PageViewController.swift */,
			);
			name = Controllers;
			sourceTree = "<group>";
		};
		CABB4696246D29180001BBA9 /* Resourses */ = {
			isa = PBXGroup;
			children = (
				CABB4697246D29310001BBA9 /* peter-fogden-z7oytXGI6VI-unsplash.jpg */,
			);
			name = Resourses;
			sourceTree = "<group>";
		};
		CAF3C9D12468814100E0B5D3 = {
			isa = PBXGroup;
			children = (
				CAF3C9DC2468814100E0B5D3 /* Inspiration App */,
				CAF3C9DB2468814100E0B5D3 /* Products */,
			);
			sourceTree = "<group>";
		};
		CAF3C9DB2468814100E0B5D3 /* Products */ = {
			isa = PBXGroup;
			children = (
				CAF3C9DA2468814100E0B5D3 /* Inspiration App.app */,
			);
			name = Products;
			sourceTree = "<group>";
		};
		CAF3C9DC2468814100E0B5D3 /* Inspiration App */ = {
			isa = PBXGroup;
			children = (
				CABB4696246D29180001BBA9 /* Resourses */,
				CA71CC1F246B2CFF00EAEE07 /* Controllers */,
				CAF3C9E52468814200E0B5D3 /* Preview Content */,
				CA71CC16246B2C2D00EAEE07 /* Helpers */,
				CA71CC1E246B2CA600EAEE07 /* Models */,
				CA71CC1D246B2C9100EAEE07 /* Views */,
				CA71CC1A246B2C6C00EAEE07 /* Utils */,
				CAF3C9F92468A5E000E0B5D3 /* CurrentMotivation.swift */,
			);
			path = "Inspiration App";
			sourceTree = "<group>";
		};
		CAF3C9E52468814200E0B5D3 /* Preview Content */ = {
			isa = PBXGroup;
			children = (
				CAF3C9E62468814200E0B5D3 /* Preview Assets.xcassets */,
			);
			path = "Preview Content";
			sourceTree = "<group>";
		};
/* End PBXGroup section */

/* Begin PBXNativeTarget section */
		CAF3C9D92468814100E0B5D3 /* Inspiration App */ = {
			isa = PBXNativeTarget;
			buildConfigurationList = CAF3C9EE2468814200E0B5D3 /* Build configuration list for PBXNativeTarget "Inspiration App" */;
			buildPhases = (
				CAF3C9D62468814100E0B5D3 /* Sources */,
				CAF3C9D72468814100E0B5D3 /* Frameworks */,
				CAF3C9D82468814100E0B5D3 /* Resources */,
			);
			buildRules = (
			);
			dependencies = (
			);
			name = "Inspiration App";
			productName = "Inspiration App";
			productReference = CAF3C9DA2468814100E0B5D3 /* Inspiration App.app */;
			productType = "com.apple.product-type.application";
		};
/* End PBXNativeTarget section */

/* Begin PBXProject section */
		CAF3C9D22468814100E0B5D3 /* Project object */ = {
			isa = PBXProject;
			attributes = {
				LastSwiftUpdateCheck = 1140;
				LastUpgradeCheck = 1140;
				ORGANIZATIONNAME = "Nikita Koniukh";
				TargetAttributes = {
					CAF3C9D92468814100E0B5D3 = {
						CreatedOnToolsVersion = 11.4;
					};
				};
			};
			buildConfigurationList = CAF3C9D52468814100E0B5D3 /* Build configuration list for PBXProject "Inspiration App" */;
			compatibilityVersion = "Xcode 9.3";
			developmentRegion = en;
			hasScannedForEncodings = 0;
			knownRegions = (
				en,
				Base,
			);
			mainGroup = CAF3C9D12468814100E0B5D3;
			productRefGroup = CAF3C9DB2468814100E0B5D3 /* Products */;
			projectDirPath = "";
			projectRoot = "";
			targets = (
				CAF3C9D92468814100E0B5D3 /* Inspiration App */,
			);
		};
/* End PBXProject section */

/* Begin PBXResourcesBuildPhase section */
		CAF3C9D82468814100E0B5D3 /* Resources */ = {
			isa = PBXResourcesBuildPhase;
			buildActionMask = 2147483647;
			files = (
				CAF3C9EA2468814200E0B5D3 /* LaunchScreen.storyboard in Resources */,
				CAF3C9E72468814200E0B5D3 /* Preview Assets.xcassets in Resources */,
				CABB4698246D29310001BBA9 /* peter-fogden-z7oytXGI6VI-unsplash.jpg in Resources */,
				CAF3C9E42468814200E0B5D3 /* Assets.xcassets in Resources */,
			);
			runOnlyForDeploymentPostprocessing = 0;
		};
/* End PBXResourcesBuildPhase section */

/* Begin PBXSourcesBuildPhase section */
		CAF3C9D62468814100E0B5D3 /* Sources */ = {
			isa = PBXSourcesBuildPhase;
			buildActionMask = 2147483647;
			files = (
				CAF3C9DE2468814100E0B5D3 /* AppDelegate.swift in Sources */,
				CAF3C9F824689CAE00E0B5D3 /* DataService.swift in Sources */,
				CAF3C9F42468850400E0B5D3 /* PageViewController.swift in Sources */,
				CAF3C9F2246884D400E0B5D3 /* Subview.swift in Sources */,
				CAF3C9E02468814100E0B5D3 /* SceneDelegate.swift in Sources */,
				CA71CC1C246B2C8500EAEE07 /* Constants.swift in Sources */,
				CAF3C9E22468814100E0B5D3 /* SliderMotivationContentView.swift in Sources */,
				CAF3C9F6246898BC00E0B5D3 /* Motivation.swift in Sources */,
				CAF3C9FA2468A5E000E0B5D3 /* CurrentMotivation.swift in Sources */,
			);
			runOnlyForDeploymentPostprocessing = 0;
		};
/* End PBXSourcesBuildPhase section */

/* Begin PBXVariantGroup section */
		CAF3C9E82468814200E0B5D3 /* LaunchScreen.storyboard */ = {
			isa = PBXVariantGroup;
			children = (
				CAF3C9E92468814200E0B5D3 /* Base */,
			);
			name = LaunchScreen.storyboard;
			sourceTree = "<group>";
		};
/* End PBXVariantGroup section */

/* Begin XCBuildConfiguration section */
		CAF3C9EC2468814200E0B5D3 /* Debug */ = {
			isa = XCBuildConfiguration;
			buildSettings = {
				ALWAYS_SEARCH_USER_PATHS = NO;
				CLANG_ANALYZER_NONNULL = YES;
				CLANG_ANALYZER_NUMBER_OBJECT_CONVERSION = YES_AGGRESSIVE;
				CLANG_CXX_LANGUAGE_STANDARD = "gnu++14";
				CLANG_CXX_LIBRARY = "libc++";
				CLANG_ENABLE_MODULES = YES;
				CLANG_ENABLE_OBJC_ARC = YES;
				CLANG_ENABLE_OBJC_WEAK = YES;
				CLANG_WARN_BLOCK_CAPTURE_AUTORELEASING = YES;
				CLANG_WARN_BOOL_CONVERSION = YES;
				CLANG_WARN_COMMA = YES;
				CLANG_WARN_CONSTANT_CONVERSION = YES;
				CLANG_WARN_DEPRECATED_OBJC_IMPLEMENTATIONS = YES;
				CLANG_WARN_DIRECT_OBJC_ISA_USAGE = YES_ERROR;
				CLANG_WARN_DOCUMENTATION_COMMENTS = YES;
				CLANG_WARN_EMPTY_BODY = YES;
				CLANG_WARN_ENUM_CONVERSION = YES;
				CLANG_WARN_INFINITE_RECURSION = YES;
				CLANG_WARN_INT_CONVERSION = YES;
				CLANG_WARN_NON_LITERAL_NULL_CONVERSION = YES;
				CLANG_WARN_OBJC_IMPLICIT_RETAIN_SELF = YES;
				CLANG_WARN_OBJC_LITERAL_CONVERSION = YES;
				CLANG_WARN_OBJC_ROOT_CLASS = YES_ERROR;
				CLANG_WARN_RANGE_LOOP_ANALYSIS = YES;
				CLANG_WARN_STRICT_PROTOTYPES = YES;
				CLANG_WARN_SUSPICIOUS_MOVE = YES;
				CLANG_WARN_UNGUARDED_AVAILABILITY = YES_AGGRESSIVE;
				CLANG_WARN_UNREACHABLE_CODE = YES;
				CLANG_WARN__DUPLICATE_METHOD_MATCH = YES;
				COPY_PHASE_STRIP = NO;
				DEBUG_INFORMATION_FORMAT = dwarf;
				ENABLE_STRICT_OBJC_MSGSEND = YES;
				ENABLE_TESTABILITY = YES;
				GCC_C_LANGUAGE_STANDARD = gnu11;
				GCC_DYNAMIC_NO_PIC = NO;
				GCC_NO_COMMON_BLOCKS = YES;
				GCC_OPTIMIZATION_LEVEL = 0;
				GCC_PREPROCESSOR_DEFINITIONS = (
					"DEBUG=1",
					"$(inherited)",
				);
				GCC_WARN_64_TO_32_BIT_CONVERSION = YES;
				GCC_WARN_ABOUT_RETURN_TYPE = YES_ERROR;
				GCC_WARN_UNDECLARED_SELECTOR = YES;
				GCC_WARN_UNINITIALIZED_AUTOS = YES_AGGRESSIVE;
				GCC_WARN_UNUSED_FUNCTION = YES;
				GCC_WARN_UNUSED_VARIABLE = YES;
				IPHONEOS_DEPLOYMENT_TARGET = 13.4;
				MTL_ENABLE_DEBUG_INFO = INCLUDE_SOURCE;
				MTL_FAST_MATH = YES;
				ONLY_ACTIVE_ARCH = YES;
				SDKROOT = iphoneos;
				SWIFT_ACTIVE_COMPILATION_CONDITIONS = DEBUG;
				SWIFT_OPTIMIZATION_LEVEL = "-Onone";
			};
			name = Debug;
		};
		CAF3C9ED2468814200E0B5D3 /* Release */ = {
			isa = XCBuildConfiguration;
			buildSettings = {
				ALWAYS_SEARCH_USER_PATHS = NO;
				CLANG_ANALYZER_NONNULL = YES;
				CLANG_ANALYZER_NUMBER_OBJECT_CONVERSION = YES_AGGRESSIVE;
				CLANG_CXX_LANGUAGE_STANDARD = "gnu++14";
				CLANG_CXX_LIBRARY = "libc++";
				CLANG_ENABLE_MODULES = YES;
				CLANG_ENABLE_OBJC_ARC = YES;
				CLANG_ENABLE_OBJC_WEAK = YES;
				CLANG_WARN_BLOCK_CAPTURE_AUTORELEASING = YES;
				CLANG_WARN_BOOL_CONVERSION = YES;
				CLANG_WARN_COMMA = YES;
				CLANG_WARN_CONSTANT_CONVERSION = YES;
				CLANG_WARN_DEPRECATED_OBJC_IMPLEMENTATIONS = YES;
				CLANG_WARN_DIRECT_OBJC_ISA_USAGE = YES_ERROR;
				CLANG_WARN_DOCUMENTATION_COMMENTS = YES;
				CLANG_WARN_EMPTY_BODY = YES;
				CLANG_WARN_ENUM_CONVERSION = YES;
				CLANG_WARN_INFINITE_RECURSION = YES;
				CLANG_WARN_INT_CONVERSION = YES;
				CLANG_WARN_NON_LITERAL_NULL_CONVERSION = YES;
				CLANG_WARN_OBJC_IMPLICIT_RETAIN_SELF = YES;
				CLANG_WARN_OBJC_LITERAL_CONVERSION = YES;
				CLANG_WARN_OBJC_ROOT_CLASS = YES_ERROR;
				CLANG_WARN_RANGE_LOOP_ANALYSIS = YES;
				CLANG_WARN_STRICT_PROTOTYPES = YES;
				CLANG_WARN_SUSPICIOUS_MOVE = YES;
				CLANG_WARN_UNGUARDED_AVAILABILITY = YES_AGGRESSIVE;
				CLANG_WARN_UNREACHABLE_CODE = YES;
				CLANG_WARN__DUPLICATE_METHOD_MATCH = YES;
				COPY_PHASE_STRIP = NO;
				DEBUG_INFORMATION_FORMAT = "dwarf-with-dsym";
				ENABLE_NS_ASSERTIONS = NO;
				ENABLE_STRICT_OBJC_MSGSEND = YES;
				GCC_C_LANGUAGE_STANDARD = gnu11;
				GCC_NO_COMMON_BLOCKS = YES;
				GCC_WARN_64_TO_32_BIT_CONVERSION = YES;
				GCC_WARN_ABOUT_RETURN_TYPE = YES_ERROR;
				GCC_WARN_UNDECLARED_SELECTOR = YES;
				GCC_WARN_UNINITIALIZED_AUTOS = YES_AGGRESSIVE;
				GCC_WARN_UNUSED_FUNCTION = YES;
				GCC_WARN_UNUSED_VARIABLE = YES;
				IPHONEOS_DEPLOYMENT_TARGET = 13.4;
				MTL_ENABLE_DEBUG_INFO = NO;
				MTL_FAST_MATH = YES;
				SDKROOT = iphoneos;
				SWIFT_COMPILATION_MODE = wholemodule;
				SWIFT_OPTIMIZATION_LEVEL = "-O";
				VALIDATE_PRODUCT = YES;
			};
			name = Release;
		};
		CAF3C9EF2468814200E0B5D3 /* Debug */ = {
			isa = XCBuildConfiguration;
			buildSettings = {
				ASSETCATALOG_COMPILER_APPICON_NAME = AppIcon;
				CODE_SIGN_STYLE = Automatic;
				DEVELOPMENT_ASSET_PATHS = "\"Inspiration App/Preview Content\"";
				DEVELOPMENT_TEAM = 3K3Q4658XN;
				ENABLE_PREVIEWS = YES;
				INFOPLIST_FILE = "Inspiration App/Info.plist";
				LD_RUNPATH_SEARCH_PATHS = (
					"$(inherited)",
					"@executable_path/Frameworks",
				);
				PRODUCT_BUNDLE_IDENTIFIER = "com.msapps.Inspiration-App";
				PRODUCT_NAME = "$(TARGET_NAME)";
				SWIFT_VERSION = 5.0;
				TARGETED_DEVICE_FAMILY = "1,2";
			};
			name = Debug;
		};
		CAF3C9F02468814200E0B5D3 /* Release */ = {
			isa = XCBuildConfiguration;
			buildSettings = {
				ASSETCATALOG_COMPILER_APPICON_NAME = AppIcon;
				CODE_SIGN_STYLE = Automatic;
				DEVELOPMENT_ASSET_PATHS = "\"Inspiration App/Preview Content\"";
				DEVELOPMENT_TEAM = 3K3Q4658XN;
				ENABLE_PREVIEWS = YES;
				INFOPLIST_FILE = "Inspiration App/Info.plist";
				LD_RUNPATH_SEARCH_PATHS = (
					"$(inherited)",
					"@executable_path/Frameworks",
				);
				PRODUCT_BUNDLE_IDENTIFIER = "com.msapps.Inspiration-App";
				PRODUCT_NAME = "$(TARGET_NAME)";
				SWIFT_VERSION = 5.0;
				TARGETED_DEVICE_FAMILY = "1,2";
			};
			name = Release;
		};
/* End XCBuildConfiguration section */

/* Begin XCConfigurationList section */
		CAF3C9D52468814100E0B5D3 /* Build configuration list for PBXProject "Inspiration App" */ = {
			isa = XCConfigurationList;
			buildConfigurations = (
				CAF3C9EC2468814200E0B5D3 /* Debug */,
				CAF3C9ED2468814200E0B5D3 /* Release */,
			);
			defaultConfigurationIsVisible = 0;
			defaultConfigurationName = Release;
		};
		CAF3C9EE2468814200E0B5D3 /* Build configuration list for PBXNativeTarget "Inspiration App" */ = {
			isa = XCConfigurationList;
			buildConfigurations = (
				CAF3C9EF2468814200E0B5D3 /* Debug */,
				CAF3C9F02468814200E0B5D3 /* Release */,
			);
			defaultConfigurationIsVisible = 0;
			defaultConfigurationName = Release;
		};
/* End XCConfigurationList section */
	};
	rootObject = CAF3C9D22468814100E0B5D3 /* Project object */;
}
